
Microsoft Visual Studio Solution File, Format Version 12.00
# Visual Studio 14
VisualStudioVersion = 14.0.25420.1
MinimumVisualStudioVersion = 10.0.40219.1
Project("{8BC9CEB8-8B4A-11D0-8D11-00A0C91BC942}") = "rnn_words", "rnn_words.vcxproj", "{6D7063D3-CFDF-4AA7-96B6-B77BD8281114}"
	ProjectSection(ProjectDependencies) = postProject
		{428D26A1-BC29-4CB6-8B9A-8FEF53D1BCAD} = {428D26A1-BC29-4CB6-8B9A-8FEF53D1BCAD}
	EndProjectSection
EndProject
Project("{8BC9CEB8-8B4A-11D0-8D11-00A0C91BC942}") = "ANNT", "..\..\..\..\src\make\msvc\ANNT.vcxproj", "{428D26A1-BC29-4CB6-8B9A-8FEF53D1BCAD}"
EndProject
Global
	GlobalSection(SolutionConfigurationPlatforms) = preSolution
		Debug|x86 = Debug|x86
		Release|x86 = Release|x86
	EndGlobalSection
	GlobalSection(ProjectConfigurationPlatforms) = postSolution
		{6D7063D3-CFDF-4AA7-96B6-B77BD8281114}.Debug|x86.ActiveCfg = Debug|Win32
		{6D7063D3-CFDF-4AA7-96B6-B77BD8281114}.Debug|x86.Build.0 = Debug|Win32
		{6D7063D3-CFDF-4AA7-96B6-B77BD8281114}.Release|x86.ActiveCfg = Release|Win32
		{6D7063D3-CFDF-4AA7-96B6-B77BD8281114}.Release|x86.Build.0 = Release|Win32
		{428D26A1-BC29-4CB6-8B9A-8FEF53D1BCAD}.Debug|x86.ActiveCfg = Debug|Win32
		{428D26A1-BC29-4CB6-8B9A-8FEF53D1BCAD}.Debug|x86.Build.0 = Debug|Win32
		{428D26A1-BC29-4CB6-8B9A-8FEF53D1BCAD}.Release|x86.ActiveCfg = Release|Win32
		{428D26A1-BC29-4CB6-8B9A-8FEF53D1BCAD}.Release|x86.Build.0 = Release|Win32
	EndGlobalSection
	GlobalSection(SolutionProperties) = preSolution
		HideSolutionNode = FALSE
	EndGlobalSection
EndGlobal
