
Microsoft Visual Studio Solution File, Format Version 12.00
# Visual Studio 14
VisualStudioVersion = 14.0.25420.1
MinimumVisualStudioVersion = 10.0.40219.1
Project("{8BC9CEB8-8B4A-11D0-8D11-00A0C91BC942}") = "ANNT", "..\..\..\src\make\msvc\ANNT.vcxproj", "{428D26A1-BC29-4CB6-8B9A-8FEF53D1BCAD}"
EndProject
Project("{8BC9CEB8-8B4A-11D0-8D11-00A0C91BC942}") = "fc_xor", "..\..\fc_xor\make\msvc\fc_xor.vcxproj", "{9AAF6D42-8C10-409C-AD86-424919DE5E3E}"
	ProjectSection(ProjectDependencies) = postProject
		{428D26A1-BC29-4CB6-8B9A-8FEF53D1BCAD} = {428D26A1-BC29-4CB6-8B9A-8FEF53D1BCAD}
	EndProjectSection
EndProject
Project("{8BC9CEB8-8B4A-11D0-8D11-00A0C91BC942}") = "fc_iris", "..\..\fc_iris\make\msvc\fc_iris.vcxproj", "{2D5202D5-6147-479F-9D1E-7AE509624033}"
	ProjectSection(ProjectDependencies) = postProject
		{428D26A1-BC29-4CB6-8B9A-8FEF53D1BCAD} = {428D26A1-BC29-4CB6-8B9A-8FEF53D1BCAD}
	EndProjectSection
EndProject
Project("{8BC9CEB8-8B4A-11D0-8D11-00A0C91BC942}") = "fc_mnist", "..\..\fc_mnist\make\msvc\fc_mnist.vcxproj", "{829AC66A-E29B-4DC0-9485-9BE805721817}"
	ProjectSection(ProjectDependencies) = postProject
		{428D26A1-BC29-4CB6-8B9A-8FEF53D1BCAD} = {428D26A1-BC29-4CB6-8B9A-8FEF53D1BCAD}
	EndProjectSection
EndProject
Project("{8BC9CEB8-8B4A-11D0-8D11-00A0C91BC942}") = "cnn_mnist", "..\..\cnn_mnist\make\msvc\cnn_mnist.vcxproj", "{6264691F-4D6B-4C63-B054-7EC51244488B}"
	ProjectSection(ProjectDependencies) = postProject
		{428D26A1-BC29-4CB6-8B9A-8FEF53D1BCAD} = {428D26A1-BC29-4CB6-8B9A-8FEF53D1BCAD}
	EndProjectSection
EndProject
Project("{8BC9CEB8-8B4A-11D0-8D11-00A0C91BC942}") = "cnn_cifar10", "..\..\cnn_cifar10\make\msvc\cnn_cifar10.vcxproj", "{C8D9F1BE-0A4D-4032-9F2C-AB5B4CBF3531}"
	ProjectSection(ProjectDependencies) = postProject
		{428D26A1-BC29-4CB6-8B9A-8FEF53D1BCAD} = {428D26A1-BC29-4CB6-8B9A-8FEF53D1BCAD}
	EndProjectSection
EndProject
Project("{8BC9CEB8-8B4A-11D0-8D11-00A0C91BC942}") = "rnn_sequence", "..\..\rnn_sequence\make\msvc\rnn_sequence.vcxproj", "{CF98F7E3-9B15-457D-BDF5-3DC6A2E0F521}"
	ProjectSection(ProjectDependencies) = postProject
		{428D26A1-BC29-4CB6-8B9A-8FEF53D1BCAD} = {428D26A1-BC29-4CB6-8B9A-8FEF53D1BCAD}
	EndProjectSection
EndProject
Project("{8BC9CEB8-8B4A-11D0-8D11-00A0C91BC942}") = "fc_regression", "..\..\fc_regression\make\msvc\fc_regression.vcxproj", "{AF32B73A-507C-43F5-AAD1-1F5491AFF785}"
	ProjectSection(ProjectDependencies) = postProject
		{428D26A1-BC29-4CB6-8B9A-8FEF53D1BCAD} = {428D26A1-BC29-4CB6-8B9A-8FEF53D1BCAD}
	EndProjectSection
EndProject
Project("{8BC9CEB8-8B4A-11D0-8D11-00A0C91BC942}") = "fc_time_series", "..\..\fc_time_series\make\msvc\fc_time_series.vcxproj", "{F9FEE9CA-EDEB-403B-BF9F-20C5A9FE402D}"
	ProjectSection(ProjectDependencies) = postProject
		{428D26A1-BC29-4CB6-8B9A-8FEF53D1BCAD} = {428D26A1-BC29-4CB6-8B9A-8FEF53D1BCAD}
	EndProjectSection
EndProject
Project("{8BC9CEB8-8B4A-11D0-8D11-00A0C91BC942}") = "rnn_time_series", "..\..\rnn_time_series\make\msvc\rnn_time_series.vcxproj", "{46E2DD40-EC0F-48E1-9FB4-A3C38371306C}"
	ProjectSection(ProjectDependencies) = postProject
		{428D26A1-BC29-4CB6-8B9A-8FEF53D1BCAD} = {428D26A1-BC29-4CB6-8B9A-8FEF53D1BCAD}
	EndProjectSection
EndProject
Project("{8BC9CEB8-8B4A-11D0-8D11-00A0C91BC942}") = "rnn_mnist", "..\..\rnn_mnist\make\msvc\rnn_mnist.vcxproj", "{A3C46DFC-358E-419B-A60F-BB3D1D8DD61B}"
	ProjectSection(ProjectDependencies) = postProject
		{428D26A1-BC29-4CB6-8B9A-8FEF53D1BCAD} = {428D26A1-BC29-4CB6-8B9A-8FEF53D1BCAD}
	EndProjectSection
EndProject
Project("{8BC9CEB8-8B4A-11D0-8D11-00A0C91BC942}") = "rnn_words", "..\..\rnn_words\make\msvc\rnn_words.vcxproj", "{6D7063D3-CFDF-4AA7-96B6-B77BD8281114}"
	ProjectSection(ProjectDependencies) = postProject
		{428D26A1-BC29-4CB6-8B9A-8FEF53D1BCAD} = {428D26A1-BC29-4CB6-8B9A-8FEF53D1BCAD}
	EndProjectSection
EndProject
Global
	GlobalSection(SolutionConfigurationPlatforms) = preSolution
		Debug|Win32 = Debug|Win32
		Release|Win32 = Release|Win32
	EndGlobalSection
	GlobalSection(ProjectConfigurationPlatforms) = postSolution
		{428D26A1-BC29-4CB6-8B9A-8FEF53D1BCAD}.Debug|Win32.ActiveCfg = Debug|Win32
		{428D26A1-BC29-4CB6-8B9A-8FEF53D1BCAD}.Debug|Win32.Build.0 = Debug|Win32
		{428D26A1-BC29-4CB6-8B9A-8FEF53D1BCAD}.Release|Win32.ActiveCfg = Release|Win32
		{428D26A1-BC29-4CB6-8B9A-8FEF53D1BCAD}.Release|Win32.Build.0 = Release|Win32
		{9AAF6D42-8C10-409C-AD86-424919DE5E3E}.Debug|Win32.ActiveCfg = Debug|Win32
		{9AAF6D42-8C10-409C-AD86-424919DE5E3E}.Debug|Win32.Build.0 = Debug|Win32
		{9AAF6D42-8C10-409C-AD86-424919DE5E3E}.Release|Win32.ActiveCfg = Release|Win32
		{9AAF6D42-8C10-409C-AD86-424919DE5E3E}.Release|Win32.Build.0 = Release|Win32
		{2D5202D5-6147-479F-9D1E-7AE509624033}.Debug|Win32.ActiveCfg = Debug|Win32
		{2D5202D5-6147-479F-9D1E-7AE509624033}.Debug|Win32.Build.0 = Debug|Win32
		{2D5202D5-6147-479F-9D1E-7AE509624033}.Release|Win32.ActiveCfg = Release|Win32
		{2D5202D5-6147-479F-9D1E-7AE509624033}.Release|Win32.Build.0 = Release|Win32
		{829AC66A-E29B-4DC0-9485-9BE805721817}.Debug|Win32.ActiveCfg = Debug|Win32
		{829AC66A-E29B-4DC0-9485-9BE805721817}.Debug|Win32.Build.0 = Debug|Win32
		{829AC66A-E29B-4DC0-9485-9BE805721817}.Release|Win32.ActiveCfg = Release|Win32
		{829AC66A-E29B-4DC0-9485-9BE805721817}.Release|Win32.Build.0 = Release|Win32
		{6264691F-4D6B-4C63-B054-7EC51244488B}.Debug|Win32.ActiveCfg = Debug|Win32
		{6264691F-4D6B-4C63-B054-7EC51244488B}.Debug|Win32.Build.0 = Debug|Win32
		{6264691F-4D6B-4C63-B054-7EC51244488B}.Release|Win32.ActiveCfg = Release|Win32
		{6264691F-4D6B-4C63-B054-7EC51244488B}.Release|Win32.Build.0 = Release|Win32
		{C8D9F1BE-0A4D-4032-9F2C-AB5B4CBF3531}.Debug|Win32.ActiveCfg = Debug|Win32
		{C8D9F1BE-0A4D-4032-9F2C-AB5B4CBF3531}.Debug|Win32.Build.0 = Debug|Win32
		{C8D9F1BE-0A4D-4032-9F2C-AB5B4CBF3531}.Release|Win32.ActiveCfg = Release|Win32
		{C8D9F1BE-0A4D-4032-9F2C-AB5B4CBF3531}.Release|Win32.Build.0 = Release|Win32
		{CF98F7E3-9B15-457D-BDF5-3DC6A2E0F521}.Debug|Win32.ActiveCfg = Debug|Win32
		{CF98F7E3-9B15-457D-BDF5-3DC6A2E0F521}.Debug|Win32.Build.0 = Debug|Win32
		{CF98F7E3-9B15-457D-BDF5-3DC6A2E0F521}.Release|Win32.ActiveCfg = Release|Win32
		{CF98F7E3-9B15-457D-BDF5-3DC6A2E0F521}.Release|Win32.Build.0 = Release|Win32
		{AF32B73A-507C-43F5-AAD1-1F5491AFF785}.Debug|Win32.ActiveCfg = Debug|Win32
		{AF32B73A-507C-43F5-AAD1-1F5491AFF785}.Debug|Win32.Build.0 = Debug|Win32
		{AF32B73A-507C-43F5-AAD1-1F5491AFF785}.Release|Win32.ActiveCfg = Release|Win32
		{AF32B73A-507C-43F5-AAD1-1F5491AFF785}.Release|Win32.Build.0 = Release|Win32
		{F9FEE9CA-EDEB-403B-BF9F-20C5A9FE402D}.Debug|Win32.ActiveCfg = Debug|Win32
		{F9FEE9CA-EDEB-403B-BF9F-20C5A9FE402D}.Debug|Win32.Build.0 = Debug|Win32
		{F9FEE9CA-EDEB-403B-BF9F-20C5A9FE402D}.Release|Win32.ActiveCfg = Release|Win32
		{F9FEE9CA-EDEB-403B-BF9F-20C5A9FE402D}.Release|Win32.Build.0 = Release|Win32
		{46E2DD40-EC0F-48E1-9FB4-A3C38371306C}.Debug|Win32.ActiveCfg = Debug|Win32
		{46E2DD40-EC0F-48E1-9FB4-A3C38371306C}.Debug|Win32.Build.0 = Debug|Win32
		{46E2DD40-EC0F-48E1-9FB4-A3C38371306C}.Release|Win32.ActiveCfg = Release|Win32
		{46E2DD40-EC0F-48E1-9FB4-A3C38371306C}.Release|Win32.Build.0 = Release|Win32
		{A3C46DFC-358E-419B-A60F-BB3D1D8DD61B}.Debug|Win32.ActiveCfg = Debug|Win32
		{A3C46DFC-358E-419B-A60F-BB3D1D8DD61B}.Debug|Win32.Build.0 = Debug|Win32
		{A3C46DFC-358E-419B-A60F-BB3D1D8DD61B}.Release|Win32.ActiveCfg = Release|Win32
		{A3C46DFC-358E-419B-A60F-BB3D1D8DD61B}.Release|Win32.Build.0 = Release|Win32
		{6D7063D3-CFDF-4AA7-96B6-B77BD8281114}.Debug|Win32.ActiveCfg = Debug|Win32
		{6D7063D3-CFDF-4AA7-96B6-B77BD8281114}.Debug|Win32.Build.0 = Debug|Win32
		{6D7063D3-CFDF-4AA7-96B6-B77BD8281114}.Release|Win32.ActiveCfg = Release|Win32
		{6D7063D3-CFDF-4AA7-96B6-B77BD8281114}.Release|Win32.Build.0 = Release|Win32
	EndGlobalSection
	GlobalSection(SolutionProperties) = preSolution
		HideSolutionNode = FALSE
	EndGlobalSection
EndGlobal
